
Microsoft Visual Studio Solution File, Format Version 12.00
# Visual Studio Version 17
VisualStudioVersion = 17.5.33530.505
MinimumVisualStudioVersion = 10.0.40219.1
Project("{FAE04EC0-301F-11D3-BF4B-00C04F79EFBC}") = "ARILandingBlazor.Server", "ARILandingBlazor\Server\ARILandingBlazor.Server.csproj", "{4B52634A-6F27-4A1E-B11D-E4AB9382C0A9}"
EndProject
Project("{FAE04EC0-301F-11D3-BF4B-00C04F79EFBC}") = "ARILandingBlazor.Client", "ARILandingBlazor\Client\ARILandingBlazor.Client.csproj", "{C1E60DC6-2A53-4961-983D-E96E995CC388}"
EndProject
Project("{FAE04EC0-301F-11D3-BF4B-00C04F79EFBC}") = "ARILandingBlazor.Shared", "ARILandingBlazor\Shared\ARILandingBlazor.Shared.csproj", "{74E144BE-7B63-4AA0-8500-C05F08834F32}"
EndProject
Global
	GlobalSection(SolutionConfigurationPlatforms) = preSolution
		Debug|Any CPU = Debug|Any CPU
		Release|Any CPU = Release|Any CPU
	EndGlobalSection
	GlobalSection(ProjectConfigurationPlatforms) = postSolution
		{4B52634A-6F27-4A1E-B11D-E4AB9382C0A9}.Debug|Any CPU.ActiveCfg = Debug|Any CPU
		{4B52634A-6F27-4A1E-B11D-E4AB9382C0A9}.Debug|Any CPU.Build.0 = Debug|Any CPU
		{4B52634A-6F27-4A1E-B11D-E4AB9382C0A9}.Release|Any CPU.ActiveCfg = Release|Any CPU
		{4B52634A-6F27-4A1E-B11D-E4AB9382C0A9}.Release|Any CPU.Build.0 = Release|Any CPU
		{C1E60DC6-2A53-4961-983D-E96E995CC388}.Debug|Any CPU.ActiveCfg = Debug|Any CPU
		{C1E60DC6-2A53-4961-983D-E96E995CC388}.Debug|Any CPU.Build.0 = Debug|Any CPU
		{C1E60DC6-2A53-4961-983D-E96E995CC388}.Release|Any CPU.ActiveCfg = Release|Any CPU
		{C1E60DC6-2A53-4961-983D-E96E995CC388}.Release|Any CPU.Build.0 = Release|Any CPU
		{74E144BE-7B63-4AA0-8500-C05F08834F32}.Debug|Any CPU.ActiveCfg = Debug|Any CPU
		{74E144BE-7B63-4AA0-8500-C05F08834F32}.Debug|Any CPU.Build.0 = Debug|Any CPU
		{74E144BE-7B63-4AA0-8500-C05F08834F32}.Release|Any CPU.ActiveCfg = Release|Any CPU
		{74E144BE-7B63-4AA0-8500-C05F08834F32}.Release|Any CPU.Build.0 = Release|Any CPU
	EndGlobalSection
	GlobalSection(SolutionProperties) = preSolution
		HideSolutionNode = FALSE
	EndGlobalSection
	GlobalSection(ExtensibilityGlobals) = postSolution
		SolutionGuid = {4E51DC25-8B13-4F48-A334-B4E542EF6E3E}
	EndGlobalSection
EndGlobal
